{
  "name": "personal-rns",
  "version": "0.3.4",
  "lockfileVersion": 3,
  "requires": true,
  "packages": {
    "": {
      "name": "personal-rns",
      "version": "0.3.4",
      "license": "MIT OR Apache-2.0",
      "devDependencies": {
        "@types/node": "24.3.0",
        "typescript": "5.9.2"
      },
      "engines": {
        "node": ">=20"
      },
      "optionalDependencies": {
        "personal-rns-darwin-arm64": "0.3.4",
        "personal-rns-darwin-x64": "0.3.4",
        "personal-rns-linux-arm64-gnu": "0.3.4",
        "personal-rns-linux-arm64-musl": "0.3.4",
        "personal-rns-linux-x64-gnu": "0.3.4",
        "personal-rns-linux-x64-musl": "0.3.4",
        "personal-rns-win32-arm64-msvc": "0.3.4",
        "personal-rns-win32-x64-msvc": "0.3.4"
      }
    },
    "node_modules/@types/node": {
      "version": "24.3.0",
      "resolved": "https://registry.npmjs.org/@types/node/-/node-24.3.0.tgz",
      "integrity": "sha512-aPTXCrfwnDLj4VvXrm+UUCQjNEvJgNA8s5F1cvwQU+3KNltTOkBm1j30uNLyqqPNe7gE3KFzImYoZEfLhp4Yow==",
      "dev": true,
      "license": "MIT",
      "dependencies": {
        "undici-types": "~7.10.0"
      }
    },
    "node_modules/personal-rns-darwin-arm64": {
      "version": "0.3.4",
      "resolved": "https://registry.npmjs.org/personal-rns-darwin-arm64/-/personal-rns-darwin-arm64-0.3.4.tgz",
      "integrity": "sha512-54423Nuv+P4Y/qpf4th+wSWTwZMJsUILfnjdrSfnm6zbpRFBC6PKqlltuhe63jSMuEbfxWGvYV5TULXd1mpmhg==",
      "cpu": [
        "arm64"
      ],
      "license": "MIT OR Apache-2.0",
      "optional": true,
      "os": [
        "darwin"
      ],
      "engines": {
        "node": ">= 20"
      }
    },
    "node_modules/personal-rns-darwin-x64": {
      "version": "0.3.4",
      "resolved": "https://registry.npmjs.org/personal-rns-darwin-x64/-/personal-rns-darwin-x64-0.3.4.tgz",
      "integrity": "sha512-WiP4rlT9hmck82dpGuedbxcN0557AsGvLiJILzgkHNCGQvHxBcMfWvZk8/+3vFOTmu8tDxM0dIooo9i4ov7CLA==",
      "cpu": [
        "x64"
      ],
      "license": "MIT OR Apache-2.0",
      "optional": true,
      "os": [
        "darwin"
      ],
      "engines": {
        "node": ">= 20"
      }
    },
    "node_modules/personal-rns-linux-arm64-gnu": {
      "version": "0.3.4",
      "resolved": "https://registry.npmjs.org/personal-rns-linux-arm64-gnu/-/personal-rns-linux-arm64-gnu-0.3.4.tgz",
      "integrity": "sha512-IovCJVbJX/YU/8RNDm9t+fyLJLOzGqWDBbwuOn+vw9RTpU4p4CSLqTqoZ6VUCMGDQr4Nwwt3N7VfKlCzszwnBg==",
      "cpu": [
        "arm64"
      ],
      "libc": [
        "glibc"
      ],
      "license": "MIT OR Apache-2.0",
      "optional": true,
      "os": [
        "linux"
      ],
      "engines": {
        "node": ">= 20"
      }
    },
    "node_modules/personal-rns-linux-arm64-musl": {
      "version": "0.3.4",
      "resolved": "https://registry.npmjs.org/personal-rns-linux-arm64-musl/-/personal-rns-linux-arm64-musl-0.3.4.tgz",
      "integrity": "sha512-Vya0RN8bnpm5XGNpSbL4lpvMKZfERDoDscqYVqELrsWArDHONCiv6GgMaC9Ly7gDaJ5RWI7GvN7/bdXIYXhfJQ==",
      "cpu": [
        "arm64"
      ],
      "libc": [
        "musl"
      ],
      "license": "MIT OR Apache-2.0",
      "optional": true,
      "os": [
        "linux"
      ],
      "engines": {
        "node": ">= 20"
      }
    },
    "node_modules/personal-rns-linux-x64-gnu": {
      "version": "0.3.4",
      "resolved": "https://registry.npmjs.org/personal-rns-linux-x64-gnu/-/personal-rns-linux-x64-gnu-0.3.4.tgz",
      "integrity": "sha512-NzAsew4lANkhGZjPy6p+sR58DZfDxTxH7kn+cam/05kHsvTvB8oe3YxkmVlFOsqKs1krndsYDT4HeTIOzOyR+A==",
      "cpu": [
        "x64"
      ],
      "libc": [
        "glibc"
      ],
      "license": "MIT OR Apache-2.0",
      "optional": true,
      "os": [
        "linux"
      ],
      "engines": {
        "node": ">= 20"
      }
    },
    "node_modules/personal-rns-linux-x64-musl": {
      "version": "0.3.4",
      "resolved": "https://registry.npmjs.org/personal-rns-linux-x64-musl/-/personal-rns-linux-x64-musl-0.3.4.tgz",
      "integrity": "sha512-E7vSYjbJa93m+2eZEQPRJ3Cu+Cl3b7xaMOSbL9QvxLznr7Suy870asftx14JiXT7yaqVfPYUQzQMW6GDSlLK9w==",
      "cpu": [
        "x64"
      ],
      "libc": [
        "musl"
      ],
      "license": "MIT OR Apache-2.0",
      "optional": true,
      "os": [
        "linux"
      ],
      "engines": {
        "node": ">= 20"
      }
    },
    "node_modules/personal-rns-win32-arm64-msvc": {
      "version": "0.3.4",
      "resolved": "https://registry.npmjs.org/personal-rns-win32-arm64-msvc/-/personal-rns-win32-arm64-msvc-0.3.4.tgz",
      "integrity": "sha512-FHk65SuRVVUfog59o6uiW0VRzK93a+QuZHO01aQqrvMmvxVrS6oOBWSlB1NBxBTsBvdorHuK7ijJADKJCISPhw==",
      "cpu": [
        "arm64"
      ],
      "license": "MIT OR Apache-2.0",
      "optional": true,
      "os": [
        "win32"
      ],
      "engines": {
        "node": ">= 20"
      }
    },
    "node_modules/personal-rns-win32-x64-msvc": {
      "version": "0.3.4",
      "resolved": "https://registry.npmjs.org/personal-rns-win32-x64-msvc/-/personal-rns-win32-x64-msvc-0.3.4.tgz",
      "integrity": "sha512-ejAT7kGjHNT3pn9H+MGaz9Qz5YizEPCV6/XhbgsQWfWdOeEhzmU0V44kX9lYEKReVzx0Zs+A7CzYyjCXyD0cwA==",
      "cpu": [
        "x64"
      ],
      "license": "MIT OR Apache-2.0",
      "optional": true,
      "os": [
        "win32"
      ],
      "engines": {
        "node": ">= 20"
      }
    },
    "node_modules/typescript": {
      "version": "5.9.2",
      "resolved": "https://registry.npmjs.org/typescript/-/typescript-5.9.2.tgz",
      "integrity": "sha512-CWBzXQrc/qOkhidw1OzBTQuYRbfyxDXJMVJ1XNwUHGROVmuaeiEm3OslpZ1RV96d7SKKjZKrSJu3+t/xlw3R9A==",
      "dev": true,
      "license": "Apache-2.0",
      "bin": {
        "tsc": "bin/tsc",
        "tsserver": "bin/tsserver"
      },
      "engines": {
        "node": ">=14.17"
      }
    },
    "node_modules/undici-types": {
      "version": "7.10.0",
      "resolved": "https://registry.npmjs.org/undici-types/-/undici-types-7.10.0.tgz",
      "integrity": "sha512-t5Fy/nfn+14LuOc2KNYg75vZqClpAiqscVvMygNnlsHBFpSXdJaYtXMcdNLpl/Qvc3P2cB3s6lOV51nqsFq4ag==",
      "dev": true,
      "license": "MIT"
    }
  }
}
